
Microsoft Visual Studio Solution File, Format Version 12.00
# Visual Studio Version 17
VisualStudioVersion = 17.5.33414.496
MinimumVisualStudioVersion = 10.0.40219.1
Project("{9A19103F-16F7-4668-BE54-9A1E7A4F7556}") = "Domain", "src\Domain\Domain.csproj", "{CA26BE9F-CD69-4CA6-8EF5-016BCFFE6CB3}"
EndProject
Project("{9A19103F-16F7-4668-BE54-9A1E7A4F7556}") = "Infrastructure", "src\Infrastructure\Infrastructure.csproj", "{B6AED743-A343-4FA7-9D47-5DD514BC8AB8}"
EndProject
Project("{9A19103F-16F7-4668-BE54-9A1E7A4F7556}") = "Template.Scheduler.Worker", "src\Template.Scheduler.Worker\Template.Scheduler.Worker.csproj", "{D0D84099-5240-4C13-B619-54BDFCF75DE6}"
EndProject
Project("{2150E333-8FDC-42A3-9474-1A3956D46DE8}") = "Infra", "Infra", "{657D0339-9EFA-4BDE-9207-714E6C416215}"
EndProject
Project("{2150E333-8FDC-42A3-9474-1A3956D46DE8}") = "Solution Items", "Solution Items", "{1210F212-CAD3-4112-9C97-749F1BFC1630}"
	ProjectSection(SolutionItems) = preProject
		.gitattributes = .gitattributes
		.gitignore = .gitignore
	EndProjectSection
EndProject
Global
	GlobalSection(SolutionConfigurationPlatforms) = preSolution
		Debug|Any CPU = Debug|Any CPU
		Debug|x64 = Debug|x64
		Release|Any CPU = Release|Any CPU
		Release|x64 = Release|x64
	EndGlobalSection
	GlobalSection(ProjectConfigurationPlatforms) = postSolution
		{CA26BE9F-CD69-4CA6-8EF5-016BCFFE6CB3}.Debug|Any CPU.ActiveCfg = Debug|Any CPU
		{CA26BE9F-CD69-4CA6-8EF5-016BCFFE6CB3}.Debug|Any CPU.Build.0 = Debug|Any CPU
		{CA26BE9F-CD69-4CA6-8EF5-016BCFFE6CB3}.Debug|x64.ActiveCfg = Debug|x64
		{CA26BE9F-CD69-4CA6-8EF5-016BCFFE6CB3}.Debug|x64.Build.0 = Debug|x64
		{CA26BE9F-CD69-4CA6-8EF5-016BCFFE6CB3}.Release|Any CPU.ActiveCfg = Release|Any CPU
		{CA26BE9F-CD69-4CA6-8EF5-016BCFFE6CB3}.Release|Any CPU.Build.0 = Release|Any CPU
		{CA26BE9F-CD69-4CA6-8EF5-016BCFFE6CB3}.Release|x64.ActiveCfg = Release|x64
		{CA26BE9F-CD69-4CA6-8EF5-016BCFFE6CB3}.Release|x64.Build.0 = Release|x64
		{B6AED743-A343-4FA7-9D47-5DD514BC8AB8}.Debug|Any CPU.ActiveCfg = Debug|Any CPU
		{B6AED743-A343-4FA7-9D47-5DD514BC8AB8}.Debug|Any CPU.Build.0 = Debug|Any CPU
		{B6AED743-A343-4FA7-9D47-5DD514BC8AB8}.Debug|x64.ActiveCfg = Debug|x64
		{B6AED743-A343-4FA7-9D47-5DD514BC8AB8}.Debug|x64.Build.0 = Debug|x64
		{B6AED743-A343-4FA7-9D47-5DD514BC8AB8}.Release|Any CPU.ActiveCfg = Release|Any CPU
		{B6AED743-A343-4FA7-9D47-5DD514BC8AB8}.Release|Any CPU.Build.0 = Release|Any CPU
		{B6AED743-A343-4FA7-9D47-5DD514BC8AB8}.Release|x64.ActiveCfg = Release|x64
		{B6AED743-A343-4FA7-9D47-5DD514BC8AB8}.Release|x64.Build.0 = Release|x64
		{D0D84099-5240-4C13-B619-54BDFCF75DE6}.Debug|Any CPU.ActiveCfg = Debug|Any CPU
		{D0D84099-5240-4C13-B619-54BDFCF75DE6}.Debug|Any CPU.Build.0 = Debug|Any CPU
		{D0D84099-5240-4C13-B619-54BDFCF75DE6}.Debug|x64.ActiveCfg = Debug|x64
		{D0D84099-5240-4C13-B619-54BDFCF75DE6}.Debug|x64.Build.0 = Debug|x64
		{D0D84099-5240-4C13-B619-54BDFCF75DE6}.Release|Any CPU.ActiveCfg = Release|Any CPU
		{D0D84099-5240-4C13-B619-54BDFCF75DE6}.Release|Any CPU.Build.0 = Release|Any CPU
		{D0D84099-5240-4C13-B619-54BDFCF75DE6}.Release|x64.ActiveCfg = Release|x64
		{D0D84099-5240-4C13-B619-54BDFCF75DE6}.Release|x64.Build.0 = Release|x64
	EndGlobalSection
	GlobalSection(SolutionProperties) = preSolution
		HideSolutionNode = FALSE
	EndGlobalSection
	GlobalSection(NestedProjects) = preSolution
		{CA26BE9F-CD69-4CA6-8EF5-016BCFFE6CB3} = {657D0339-9EFA-4BDE-9207-714E6C416215}
		{B6AED743-A343-4FA7-9D47-5DD514BC8AB8} = {657D0339-9EFA-4BDE-9207-714E6C416215}
	EndGlobalSection
	GlobalSection(ExtensibilityGlobals) = postSolution
		SolutionGuid = {D847BB50-10AF-4ABF-8A0A-0D512EB87EEF}
	EndGlobalSection
EndGlobal
